
Microsoft Visual Studio Solution File, Format Version 11.00
# Visual Studio 2010
Project("{FAE04EC0-301F-11D3-BF4B-00C04F79EFBC}") = "CrossingSomething", "Assembly-CSharp-firstpass.csproj", "{67D28894-AC2A-5E67-7AE1-DF5D0E5C1F41}"
EndProject
Project("{FAE04EC0-301F-11D3-BF4B-00C04F79EFBC}") = "CrossingSomething", "Assembly-CSharp.csproj", "{6361BE30-834C-130F-BECB-8C2195D2B518}"
EndProject
Project("{FAE04EC0-301F-11D3-BF4B-00C04F79EFBC}") = "CrossingSomething", "Assembly-CSharp-Editor-firstpass.csproj", "{13ADFEFD-14D0-A108-F371-ED4BB0D35B2E}"
EndProject
Global
	GlobalSection(SolutionConfigurationPlatforms) = preSolution
		Debug|Any CPU = Debug|Any CPU
		Release|Any CPU = Release|Any CPU
	EndGlobalSection
	GlobalSection(ProjectConfigurationPlatforms) = postSolution
		{67D28894-AC2A-5E67-7AE1-DF5D0E5C1F41}.Debug|Any CPU.ActiveCfg = Debug|Any CPU
		{67D28894-AC2A-5E67-7AE1-DF5D0E5C1F41}.Debug|Any CPU.Build.0 = Debug|Any CPU
		{67D28894-AC2A-5E67-7AE1-DF5D0E5C1F41}.Release|Any CPU.ActiveCfg = Release|Any CPU
		{67D28894-AC2A-5E67-7AE1-DF5D0E5C1F41}.Release|Any CPU.Build.0 = Release|Any CPU
		{6361BE30-834C-130F-BECB-8C2195D2B518}.Debug|Any CPU.ActiveCfg = Debug|Any CPU
		{6361BE30-834C-130F-BECB-8C2195D2B518}.Debug|Any CPU.Build.0 = Debug|Any CPU
		{6361BE30-834C-130F-BECB-8C2195D2B518}.Release|Any CPU.ActiveCfg = Release|Any CPU
		{6361BE30-834C-130F-BECB-8C2195D2B518}.Release|Any CPU.Build.0 = Release|Any CPU
		{13ADFEFD-14D0-A108-F371-ED4BB0D35B2E}.Debug|Any CPU.ActiveCfg = Debug|Any CPU
		{13ADFEFD-14D0-A108-F371-ED4BB0D35B2E}.Debug|Any CPU.Build.0 = Debug|Any CPU
		{13ADFEFD-14D0-A108-F371-ED4BB0D35B2E}.Release|Any CPU.ActiveCfg = Release|Any CPU
		{13ADFEFD-14D0-A108-F371-ED4BB0D35B2E}.Release|Any CPU.Build.0 = Release|Any CPU
	EndGlobalSection
	GlobalSection(SolutionProperties) = preSolution
		HideSolutionNode = FALSE
	EndGlobalSection
	GlobalSection(MonoDevelopProperties) = preSolution
		StartupItem = Assembly-CSharp.csproj
	EndGlobalSection
EndGlobal
